
Microsoft Visual Studio Solution File, Format Version 12.00
# Visual Studio Version 17
VisualStudioVersion = 17.10.34928.147
MinimumVisualStudioVersion = 10.0.40219.1
Project("{FAE04EC0-301F-11D3-BF4B-00C04F79EFBC}") = "Quick_Transitions", "Quick_Transitions\Quick_Transitions.csproj", "{4E2B5384-0391-4BD1-859A-6B1F2AC3ACFC}"
EndProject
Global
	GlobalSection(SolutionConfigurationPlatforms) = preSolution
		Debug|Any CPU = Debug|Any CPU
		Release|Any CPU = Release|Any CPU
	EndGlobalSection
	GlobalSection(ProjectConfigurationPlatforms) = postSolution
		{4E2B5384-0391-4BD1-859A-6B1F2AC3ACFC}.Debug|Any CPU.ActiveCfg = Debug|Any CPU
		{4E2B5384-0391-4BD1-859A-6B1F2AC3ACFC}.Debug|Any CPU.Build.0 = Debug|Any CPU
		{4E2B5384-0391-4BD1-859A-6B1F2AC3ACFC}.Release|Any CPU.ActiveCfg = Release|Any CPU
		{4E2B5384-0391-4BD1-859A-6B1F2AC3ACFC}.Release|Any CPU.Build.0 = Release|Any CPU
	EndGlobalSection
	GlobalSection(SolutionProperties) = preSolution
		HideSolutionNode = FALSE
	EndGlobalSection
	GlobalSection(ExtensibilityGlobals) = postSolution
		SolutionGuid = {B67BC931-5864-448C-894A-9BF05BEDE12B}
	EndGlobalSection
EndGlobal
